// !$*UTF8*$!
{
	archiveVersion = 1;
	classes = {
	};
	objectVersion = 55;
	objects = {

/* Begin PBXBuildFile section */
		CC01290728A6580D00F98255 /* LocalNotificationView.swift in Sources */ = {isa = PBXBuildFile; fileRef = CC01290628A6580D00F98255 /* LocalNotificationView.swift */; };
		CC02436F288C02C800C2F8CC /* ModifierView.swift in Sources */ = {isa = PBXBuildFile; fileRef = CC02436E288C02C800C2F8CC /* ModifierView.swift */; };
		CC024372288C06EF00C2F8CC /* CustomStyleView.swift in Sources */ = {isa = PBXBuildFile; fileRef = CC024371288C06EF00C2F8CC /* CustomStyleView.swift */; };
		CC024375288C0A4900C2F8CC /* Extendsions.swift in Sources */ = {isa = PBXBuildFile; fileRef = CC024374288C0A4900C2F8CC /* Extendsions.swift */; };
		CC3858D9287A70FD00EA2E64 /* FutureView.swift in Sources */ = {isa = PBXBuildFile; fileRef = CC3858D8287A70FD00EA2E64 /* FutureView.swift */; };
		CC3858DB287A710B00EA2E64 /* FutureViewModel.swift in Sources */ = {isa = PBXBuildFile; fileRef = CC3858DA287A710B00EA2E64 /* FutureViewModel.swift */; };
		CC3858DD287A711B00EA2E64 /* FutureService.swift in Sources */ = {isa = PBXBuildFile; fileRef = CC3858DC287A711B00EA2E64 /* FutureService.swift */; };
		CC3858E0287ACEC700EA2E64 /* DependencyInjectionView.swift in Sources */ = {isa = PBXBuildFile; fileRef = CC3858DF287ACEC700EA2E64 /* DependencyInjectionView.swift */; };
		CC3858E2287ACED600EA2E64 /* DependencyInjectionViewModel.swift in Sources */ = {isa = PBXBuildFile; fileRef = CC3858E1287ACED600EA2E64 /* DependencyInjectionViewModel.swift */; };
		CC63624528A4B5F80048425F /* CoreDataRelationshipsView.swift in Sources */ = {isa = PBXBuildFile; fileRef = CC63624428A4B5F80048425F /* CoreDataRelationshipsView.swift */; };
		CC63624828A4B6110048425F /* CoreDataRelationshipsContainer.xcdatamodeld in Sources */ = {isa = PBXBuildFile; fileRef = CC63624628A4B6110048425F /* CoreDataRelationshipsContainer.xcdatamodeld */; };
		CC97D8DA28A3F1C000D91756 /* FruitsContainer.xcdatamodeld in Sources */ = {isa = PBXBuildFile; fileRef = CC97D8D828A3F1C000D91756 /* FruitsContainer.xcdatamodeld */; };
		CC97D8DC28A3F1D100D91756 /* CoreDataView.swift in Sources */ = {isa = PBXBuildFile; fileRef = CC97D8DB28A3F1D100D91756 /* CoreDataView.swift */; };
		CCAC271B28794A1B00DFA283 /* swiftuiAdvancedApp.swift in Sources */ = {isa = PBXBuildFile; fileRef = CCAC271A28794A1B00DFA283 /* swiftuiAdvancedApp.swift */; };
		CCAC271D28794A1B00DFA283 /* ContentView.swift in Sources */ = {isa = PBXBuildFile; fileRef = CCAC271C28794A1B00DFA283 /* ContentView.swift */; };
		CCAC271F28794A1F00DFA283 /* Assets.xcassets in Resources */ = {isa = PBXBuildFile; fileRef = CCAC271E28794A1F00DFA283 /* Assets.xcassets */; };
		CCAC272228794A1F00DFA283 /* Preview Assets.xcassets in Resources */ = {isa = PBXBuildFile; fileRef = CCAC272128794A1F00DFA283 /* Preview Assets.xcassets */; };
		CCAC272A28794B2C00DFA283 /* CombineView.swift in Sources */ = {isa = PBXBuildFile; fileRef = CCAC272928794B2C00DFA283 /* CombineView.swift */; };
		CCAC272C28794B3E00DFA283 /* CombineViewModel.swift in Sources */ = {isa = PBXBuildFile; fileRef = CCAC272B28794B3E00DFA283 /* CombineViewModel.swift */; };
		CCAC272E28794B4800DFA283 /* CombineService.swift in Sources */ = {isa = PBXBuildFile; fileRef = CCAC272D28794B4800DFA283 /* CombineService.swift */; };
		CCF8CA3E2887FC58006976A1 /* ProtocolView.swift in Sources */ = {isa = PBXBuildFile; fileRef = CCF8CA3D2887FC58006976A1 /* ProtocolView.swift */; };
		CCF8CA402887FC67006976A1 /* ProtocolViewModel.swift in Sources */ = {isa = PBXBuildFile; fileRef = CCF8CA3F2887FC67006976A1 /* ProtocolViewModel.swift */; };
		CCFCE2C328A0BB0C00B23296 /* UIViewRepresentableBootcamp.swift in Sources */ = {isa = PBXBuildFile; fileRef = CCFCE2C228A0BB0C00B23296 /* UIViewRepresentableBootcamp.swift */; };
		CCFCE2C528A0C1E800B23296 /* UIViewRepresentableText.swift in Sources */ = {isa = PBXBuildFile; fileRef = CCFCE2C428A0C1E800B23296 /* UIViewRepresentableText.swift */; };
/* End PBXBuildFile section */

/* Begin PBXFileReference section */
		CC01290628A6580D00F98255 /* LocalNotificationView.swift */ = {isa = PBXFileReference; lastKnownFileType = sourcecode.swift; path = LocalNotificationView.swift; sourceTree = "<group>"; };
		CC02436E288C02C800C2F8CC /* ModifierView.swift */ = {isa = PBXFileReference; lastKnownFileType = sourcecode.swift; path = ModifierView.swift; sourceTree = "<group>"; };
		CC024371288C06EF00C2F8CC /* CustomStyleView.swift */ = {isa = PBXFileReference; lastKnownFileType = sourcecode.swift; path = CustomStyleView.swift; sourceTree = "<group>"; };
		CC024374288C0A4900C2F8CC /* Extendsions.swift */ = {isa = PBXFileReference; lastKnownFileType = sourcecode.swift; path = Extendsions.swift; sourceTree = "<group>"; };
		CC3858D8287A70FD00EA2E64 /* FutureView.swift */ = {isa = PBXFileReference; lastKnownFileType = sourcecode.swift; path = FutureView.swift; sourceTree = "<group>"; };
		CC3858DA287A710B00EA2E64 /* FutureViewModel.swift */ = {isa = PBXFileReference; lastKnownFileType = sourcecode.swift; path = FutureViewModel.swift; sourceTree = "<group>"; };
		CC3858DC287A711B00EA2E64 /* FutureService.swift */ = {isa = PBXFileReference; lastKnownFileType = sourcecode.swift; path = FutureService.swift; sourceTree = "<group>"; };
		CC3858DF287ACEC700EA2E64 /* DependencyInjectionView.swift */ = {isa = PBXFileReference; lastKnownFileType = sourcecode.swift; path = DependencyInjectionView.swift; sourceTree = "<group>"; };
		CC3858E1287ACED600EA2E64 /* DependencyInjectionViewModel.swift */ = {isa = PBXFileReference; lastKnownFileType = sourcecode.swift; path = DependencyInjectionViewModel.swift; sourceTree = "<group>"; };
		CC63624428A4B5F80048425F /* CoreDataRelationshipsView.swift */ = {isa = PBXFileReference; lastKnownFileType = sourcecode.swift; path = CoreDataRelationshipsView.swift; sourceTree = "<group>"; };
		CC63624728A4B6110048425F /* CoreDataRelationshipsContainer.xcdatamodel */ = {isa = PBXFileReference; lastKnownFileType = wrapper.xcdatamodel; path = CoreDataRelationshipsContainer.xcdatamodel; sourceTree = "<group>"; };
		CC97D8D928A3F1C000D91756 /* FruitsContainer.xcdatamodel */ = {isa = PBXFileReference; lastKnownFileType = wrapper.xcdatamodel; path = FruitsContainer.xcdatamodel; sourceTree = "<group>"; };
		CC97D8DB28A3F1D100D91756 /* CoreDataView.swift */ = {isa = PBXFileReference; lastKnownFileType = sourcecode.swift; path = CoreDataView.swift; sourceTree = "<group>"; };
		CCAC271728794A1B00DFA283 /* swiftuiAdvanced.app */ = {isa = PBXFileReference; explicitFileType = wrapper.application; includeInIndex = 0; path = swiftuiAdvanced.app; sourceTree = BUILT_PRODUCTS_DIR; };
		CCAC271A28794A1B00DFA283 /* swiftuiAdvancedApp.swift */ = {isa = PBXFileReference; lastKnownFileType = sourcecode.swift; path = swiftuiAdvancedApp.swift; sourceTree = "<group>"; };
		CCAC271C28794A1B00DFA283 /* ContentView.swift */ = {isa = PBXFileReference; lastKnownFileType = sourcecode.swift; path = ContentView.swift; sourceTree = "<group>"; };
		CCAC271E28794A1F00DFA283 /* Assets.xcassets */ = {isa = PBXFileReference; lastKnownFileType = folder.assetcatalog; path = Assets.xcassets; sourceTree = "<group>"; };
		CCAC272128794A1F00DFA283 /* Preview Assets.xcassets */ = {isa = PBXFileReference; lastKnownFileType = folder.assetcatalog; path = "Preview Assets.xcassets"; sourceTree = "<group>"; };
		CCAC272928794B2C00DFA283 /* CombineView.swift */ = {isa = PBXFileReference; lastKnownFileType = sourcecode.swift; path = CombineView.swift; sourceTree = "<group>"; };
		CCAC272B28794B3E00DFA283 /* CombineViewModel.swift */ = {isa = PBXFileReference; lastKnownFileType = sourcecode.swift; path = CombineViewModel.swift; sourceTree = "<group>"; };
		CCAC272D28794B4800DFA283 /* CombineService.swift */ = {isa = PBXFileReference; lastKnownFileType = sourcecode.swift; path = CombineService.swift; sourceTree = "<group>"; };
		CCF8CA3D2887FC58006976A1 /* ProtocolView.swift */ = {isa = PBXFileReference; lastKnownFileType = sourcecode.swift; path = ProtocolView.swift; sourceTree = "<group>"; };
		CCF8CA3F2887FC67006976A1 /* ProtocolViewModel.swift */ = {isa = PBXFileReference; lastKnownFileType = sourcecode.swift; path = ProtocolViewModel.swift; sourceTree = "<group>"; };
		CCFCE2C228A0BB0C00B23296 /* UIViewRepresentableBootcamp.swift */ = {isa = PBXFileReference; lastKnownFileType = sourcecode.swift; path = UIViewRepresentableBootcamp.swift; sourceTree = "<group>"; };
		CCFCE2C428A0C1E800B23296 /* UIViewRepresentableText.swift */ = {isa = PBXFileReference; lastKnownFileType = sourcecode.swift; path = UIViewRepresentableText.swift; sourceTree = "<group>"; };
/* End PBXFileReference section */

/* Begin PBXFrameworksBuildPhase section */
		CCAC271428794A1B00DFA283 /* Frameworks */ = {
			isa = PBXFrameworksBuildPhase;
			buildActionMask = 2147483647;
			files = (
			);
			runOnlyForDeploymentPostprocessing = 0;
		};
/* End PBXFrameworksBuildPhase section */

/* Begin PBXGroup section */
		CC01290528A657DA00F98255 /* localNotification */ = {
			isa = PBXGroup;
			children = (
				CC01290628A6580D00F98255 /* LocalNotificationView.swift */,
			);
			path = localNotification;
			sourceTree = "<group>";
		};
		CC02436D288C02AA00C2F8CC /* modifier */ = {
			isa = PBXGroup;
			children = (
				CC02436E288C02C800C2F8CC /* ModifierView.swift */,
			);
			path = modifier;
			sourceTree = "<group>";
		};
		CC024370288C06A800C2F8CC /* customStyle */ = {
			isa = PBXGroup;
			children = (
				CC024371288C06EF00C2F8CC /* CustomStyleView.swift */,
			);
			path = customStyle;
			sourceTree = "<group>";
		};
		CC024373288C0A2B00C2F8CC /* extendsion */ = {
			isa = PBXGroup;
			children = (
				CC024374288C0A4900C2F8CC /* Extendsions.swift */,
			);
			path = extendsion;
			sourceTree = "<group>";
		};
		CC3858D7287A706700EA2E64 /* futures */ = {
			isa = PBXGroup;
			children = (
				CC3858D8287A70FD00EA2E64 /* FutureView.swift */,
				CC3858DA287A710B00EA2E64 /* FutureViewModel.swift */,
				CC3858DC287A711B00EA2E64 /* FutureService.swift */,
			);
			path = futures;
			sourceTree = "<group>";
		};
		CC3858DE287ACEAE00EA2E64 /* dependencyInjection */ = {
			isa = PBXGroup;
			children = (
				CC3858DF287ACEC700EA2E64 /* DependencyInjectionView.swift */,
				CC3858E1287ACED600EA2E64 /* DependencyInjectionViewModel.swift */,
			);
			path = dependencyInjection;
			sourceTree = "<group>";
		};
		CC63624328A4B5DB0048425F /* coreDataRelationShips */ = {
			isa = PBXGroup;
			children = (
				CC63624428A4B5F80048425F /* CoreDataRelationshipsView.swift */,
				CC63624628A4B6110048425F /* CoreDataRelationshipsContainer.xcdatamodeld */,
			);
			path = coreDataRelationShips;
			sourceTree = "<group>";
		};
		CC97D8D728A3EE9000D91756 /* coreData */ = {
			isa = PBXGroup;
			children = (
				CC97D8D828A3F1C000D91756 /* FruitsContainer.xcdatamodeld */,
				CC97D8DB28A3F1D100D91756 /* CoreDataView.swift */,
			);
			path = coreData;
			sourceTree = "<group>";
		};
		CCAC270E28794A1B00DFA283 = {
			isa = PBXGroup;
			children = (
				CCAC271928794A1B00DFA283 /* swiftuiAdvanced */,
				CCAC271828794A1B00DFA283 /* Products */,
			);
			sourceTree = "<group>";
		};
		CCAC271828794A1B00DFA283 /* Products */ = {
			isa = PBXGroup;
			children = (
				CCAC271728794A1B00DFA283 /* swiftuiAdvanced.app */,
			);
			name = Products;
			sourceTree = "<group>";
		};
		CCAC271928794A1B00DFA283 /* swiftuiAdvanced */ = {
			isa = PBXGroup;
			children = (
				CC01290528A657DA00F98255 /* localNotification */,
				CC63624328A4B5DB0048425F /* coreDataRelationShips */,
				CC97D8D728A3EE9000D91756 /* coreData */,
				CC024373288C0A2B00C2F8CC /* extendsion */,
				CC024370288C06A800C2F8CC /* customStyle */,
				CC02436D288C02AA00C2F8CC /* modifier */,
				CC3858DE287ACEAE00EA2E64 /* dependencyInjection */,
				CCFCE2C128A0BAF800B23296 /* UIViewRepresentable */,
				CCF8CA3C2887FC38006976A1 /* protocol */,
				CC3858D7287A706700EA2E64 /* futures */,
				CCAC272828794A4D00DFA283 /* combine */,
				CCAC271A28794A1B00DFA283 /* swiftuiAdvancedApp.swift */,
				CCAC271C28794A1B00DFA283 /* ContentView.swift */,
				CCAC271E28794A1F00DFA283 /* Assets.xcassets */,
				CCAC272028794A1F00DFA283 /* Preview Content */,
			);
			path = swiftuiAdvanced;
			sourceTree = "<group>";
		};
		CCAC272028794A1F00DFA283 /* Preview Content */ = {
			isa = PBXGroup;
			children = (
				CCAC272128794A1F00DFA283 /* Preview Assets.xcassets */,
			);
			path = "Preview Content";
			sourceTree = "<group>";
		};
		CCAC272828794A4D00DFA283 /* combine */ = {
			isa = PBXGroup;
			children = (
				CCAC272928794B2C00DFA283 /* CombineView.swift */,
				CCAC272B28794B3E00DFA283 /* CombineViewModel.swift */,
				CCAC272D28794B4800DFA283 /* CombineService.swift */,
			);
			path = combine;
			sourceTree = "<group>";
		};
		CCF8CA3C2887FC38006976A1 /* protocol */ = {
			isa = PBXGroup;
			children = (
				CCF8CA3D2887FC58006976A1 /* ProtocolView.swift */,
				CCF8CA3F2887FC67006976A1 /* ProtocolViewModel.swift */,
			);
			path = protocol;
			sourceTree = "<group>";
		};
		CCFCE2C128A0BAF800B23296 /* UIViewRepresentable */ = {
			isa = PBXGroup;
			children = (
				CCFCE2C228A0BB0C00B23296 /* UIViewRepresentableBootcamp.swift */,
				CCFCE2C428A0C1E800B23296 /* UIViewRepresentableText.swift */,
			);
			path = UIViewRepresentable;
			sourceTree = "<group>";
		};
/* End PBXGroup section */

/* Begin PBXNativeTarget section */
		CCAC271628794A1B00DFA283 /* swiftuiAdvanced */ = {
			isa = PBXNativeTarget;
			buildConfigurationList = CCAC272528794A1F00DFA283 /* Build configuration list for PBXNativeTarget "swiftuiAdvanced" */;
			buildPhases = (
				CCAC271328794A1B00DFA283 /* Sources */,
				CCAC271428794A1B00DFA283 /* Frameworks */,
				CCAC271528794A1B00DFA283 /* Resources */,
			);
			buildRules = (
			);
			dependencies = (
			);
			name = swiftuiAdvanced;
			productName = swiftuiAdvanced;
			productReference = CCAC271728794A1B00DFA283 /* swiftuiAdvanced.app */;
			productType = "com.apple.product-type.application";
		};
/* End PBXNativeTarget section */

/* Begin PBXProject section */
		CCAC270F28794A1B00DFA283 /* Project object */ = {
			isa = PBXProject;
			attributes = {
				BuildIndependentTargetsInParallel = 1;
				LastSwiftUpdateCheck = 1340;
				LastUpgradeCheck = 1340;
				TargetAttributes = {
					CCAC271628794A1B00DFA283 = {
						CreatedOnToolsVersion = 13.4.1;
					};
				};
			};
			buildConfigurationList = CCAC271228794A1B00DFA283 /* Build configuration list for PBXProject "swiftuiAdvanced" */;
			compatibilityVersion = "Xcode 13.0";
			developmentRegion = en;
			hasScannedForEncodings = 0;
			knownRegions = (
				en,
				Base,
			);
			mainGroup = CCAC270E28794A1B00DFA283;
			productRefGroup = CCAC271828794A1B00DFA283 /* Products */;
			projectDirPath = "";
			projectRoot = "";
			targets = (
				CCAC271628794A1B00DFA283 /* swiftuiAdvanced */,
			);
		};
/* End PBXProject section */

/* Begin PBXResourcesBuildPhase section */
		CCAC271528794A1B00DFA283 /* Resources */ = {
			isa = PBXResourcesBuildPhase;
			buildActionMask = 2147483647;
			files = (
				CCAC272228794A1F00DFA283 /* Preview Assets.xcassets in Resources */,
				CCAC271F28794A1F00DFA283 /* Assets.xcassets in Resources */,
			);
			runOnlyForDeploymentPostprocessing = 0;
		};
/* End PBXResourcesBuildPhase section */

/* Begin PBXSourcesBuildPhase section */
		CCAC271328794A1B00DFA283 /* Sources */ = {
			isa = PBXSourcesBuildPhase;
			buildActionMask = 2147483647;
			files = (
				CC024375288C0A4900C2F8CC /* Extendsions.swift in Sources */,
				CCF8CA3E2887FC58006976A1 /* ProtocolView.swift in Sources */,
				CCAC272E28794B4800DFA283 /* CombineService.swift in Sources */,
				CC97D8DA28A3F1C000D91756 /* FruitsContainer.xcdatamodeld in Sources */,
				CCAC271D28794A1B00DFA283 /* ContentView.swift in Sources */,
				CC3858DD287A711B00EA2E64 /* FutureService.swift in Sources */,
				CC024372288C06EF00C2F8CC /* CustomStyleView.swift in Sources */,
				CC3858DB287A710B00EA2E64 /* FutureViewModel.swift in Sources */,
				CC02436F288C02C800C2F8CC /* ModifierView.swift in Sources */,
				CC3858E0287ACEC700EA2E64 /* DependencyInjectionView.swift in Sources */,
				CCFCE2C328A0BB0C00B23296 /* UIViewRepresentableBootcamp.swift in Sources */,
				CCFCE2C528A0C1E800B23296 /* UIViewRepresentableText.swift in Sources */,
				CCAC271B28794A1B00DFA283 /* swiftuiAdvancedApp.swift in Sources */,
				CC01290728A6580D00F98255 /* LocalNotificationView.swift in Sources */,
				CCF8CA402887FC67006976A1 /* ProtocolViewModel.swift in Sources */,
				CC3858D9287A70FD00EA2E64 /* FutureView.swift in Sources */,
				CC3858E2287ACED600EA2E64 /* DependencyInjectionViewModel.swift in Sources */,
				CC63624828A4B6110048425F /* CoreDataRelationshipsContainer.xcdatamodeld in Sources */,
				CCAC272C28794B3E00DFA283 /* CombineViewModel.swift in Sources */,
				CC63624528A4B5F80048425F /* CoreDataRelationshipsView.swift in Sources */,
				CCAC272A28794B2C00DFA283 /* CombineView.swift in Sources */,
				CC97D8DC28A3F1D100D91756 /* CoreDataView.swift in Sources */,
			);
			runOnlyForDeploymentPostprocessing = 0;
		};
/* End PBXSourcesBuildPhase section */

/* Begin XCBuildConfiguration section */
		CCAC272328794A1F00DFA283 /* Debug */ = {
			isa = XCBuildConfiguration;
			buildSettings = {
				ALWAYS_SEARCH_USER_PATHS = NO;
				CLANG_ANALYZER_NONNULL = YES;
				CLANG_ANALYZER_NUMBER_OBJECT_CONVERSION = YES_AGGRESSIVE;
				CLANG_CXX_LANGUAGE_STANDARD = "gnu++17";
				CLANG_ENABLE_MODULES = YES;
				CLANG_ENABLE_OBJC_ARC = YES;
				CLANG_ENABLE_OBJC_WEAK = YES;
				CLANG_WARN_BLOCK_CAPTURE_AUTORELEASING = YES;
				CLANG_WARN_BOOL_CONVERSION = YES;
				CLANG_WARN_COMMA = YES;
				CLANG_WARN_CONSTANT_CONVERSION = YES;
				CLANG_WARN_DEPRECATED_OBJC_IMPLEMENTATIONS = YES;
				CLANG_WARN_DIRECT_OBJC_ISA_USAGE = YES_ERROR;
				CLANG_WARN_DOCUMENTATION_COMMENTS = YES;
				CLANG_WARN_EMPTY_BODY = YES;
				CLANG_WARN_ENUM_CONVERSION = YES;
				CLANG_WARN_INFINITE_RECURSION = YES;
				CLANG_WARN_INT_CONVERSION = YES;
				CLANG_WARN_NON_LITERAL_NULL_CONVERSION = YES;
				CLANG_WARN_OBJC_IMPLICIT_RETAIN_SELF = YES;
				CLANG_WARN_OBJC_LITERAL_CONVERSION = YES;
				CLANG_WARN_OBJC_ROOT_CLASS = YES_ERROR;
				CLANG_WARN_QUOTED_INCLUDE_IN_FRAMEWORK_HEADER = YES;
				CLANG_WARN_RANGE_LOOP_ANALYSIS = YES;
				CLANG_WARN_STRICT_PROTOTYPES = YES;
				CLANG_WARN_SUSPICIOUS_MOVE = YES;
				CLANG_WARN_UNGUARDED_AVAILABILITY = YES_AGGRESSIVE;
				CLANG_WARN_UNREACHABLE_CODE = YES;
				CLANG_WARN__DUPLICATE_METHOD_MATCH = YES;
				COPY_PHASE_STRIP = NO;
				DEBUG_INFORMATION_FORMAT = dwarf;
				ENABLE_STRICT_OBJC_MSGSEND = YES;
				ENABLE_TESTABILITY = YES;
				GCC_C_LANGUAGE_STANDARD = gnu11;
				GCC_DYNAMIC_NO_PIC = NO;
				GCC_NO_COMMON_BLOCKS = YES;
				GCC_OPTIMIZATION_LEVEL = 0;
				GCC_PREPROCESSOR_DEFINITIONS = (
					"DEBUG=1",
					"$(inherited)",
				);
				GCC_WARN_64_TO_32_BIT_CONVERSION = YES;
				GCC_WARN_ABOUT_RETURN_TYPE = YES_ERROR;
				GCC_WARN_UNDECLARED_SELECTOR = YES;
				GCC_WARN_UNINITIALIZED_AUTOS = YES_AGGRESSIVE;
				GCC_WARN_UNUSED_FUNCTION = YES;
				GCC_WARN_UNUSED_VARIABLE = YES;
				IPHONEOS_DEPLOYMENT_TARGET = 15.5;
				MTL_ENABLE_DEBUG_INFO = INCLUDE_SOURCE;
				MTL_FAST_MATH = YES;
				ONLY_ACTIVE_ARCH = YES;
				SDKROOT = iphoneos;
				SWIFT_ACTIVE_COMPILATION_CONDITIONS = DEBUG;
				SWIFT_OPTIMIZATION_LEVEL = "-Onone";
			};
			name = Debug;
		};
		CCAC272428794A1F00DFA283 /* Release */ = {
			isa = XCBuildConfiguration;
			buildSettings = {
				ALWAYS_SEARCH_USER_PATHS = NO;
				CLANG_ANALYZER_NONNULL = YES;
				CLANG_ANALYZER_NUMBER_OBJECT_CONVERSION = YES_AGGRESSIVE;
				CLANG_CXX_LANGUAGE_STANDARD = "gnu++17";
				CLANG_ENABLE_MODULES = YES;
				CLANG_ENABLE_OBJC_ARC = YES;
				CLANG_ENABLE_OBJC_WEAK = YES;
				CLANG_WARN_BLOCK_CAPTURE_AUTORELEASING = YES;
				CLANG_WARN_BOOL_CONVERSION = YES;
				CLANG_WARN_COMMA = YES;
				CLANG_WARN_CONSTANT_CONVERSION = YES;
				CLANG_WARN_DEPRECATED_OBJC_IMPLEMENTATIONS = YES;
				CLANG_WARN_DIRECT_OBJC_ISA_USAGE = YES_ERROR;
				CLANG_WARN_DOCUMENTATION_COMMENTS = YES;
				CLANG_WARN_EMPTY_BODY = YES;
				CLANG_WARN_ENUM_CONVERSION = YES;
				CLANG_WARN_INFINITE_RECURSION = YES;
				CLANG_WARN_INT_CONVERSION = YES;
				CLANG_WARN_NON_LITERAL_NULL_CONVERSION = YES;
				CLANG_WARN_OBJC_IMPLICIT_RETAIN_SELF = YES;
				CLANG_WARN_OBJC_LITERAL_CONVERSION = YES;
				CLANG_WARN_OBJC_ROOT_CLASS = YES_ERROR;
				CLANG_WARN_QUOTED_INCLUDE_IN_FRAMEWORK_HEADER = YES;
				CLANG_WARN_RANGE_LOOP_ANALYSIS = YES;
				CLANG_WARN_STRICT_PROTOTYPES = YES;
				CLANG_WARN_SUSPICIOUS_MOVE = YES;
				CLANG_WARN_UNGUARDED_AVAILABILITY = YES_AGGRESSIVE;
				CLANG_WARN_UNREACHABLE_CODE = YES;
				CLANG_WARN__DUPLICATE_METHOD_MATCH = YES;
				COPY_PHASE_STRIP = NO;
				DEBUG_INFORMATION_FORMAT = "dwarf-with-dsym";
				ENABLE_NS_ASSERTIONS = NO;
				ENABLE_STRICT_OBJC_MSGSEND = YES;
				GCC_C_LANGUAGE_STANDARD = gnu11;
				GCC_NO_COMMON_BLOCKS = YES;
				GCC_WARN_64_TO_32_BIT_CONVERSION = YES;
				GCC_WARN_ABOUT_RETURN_TYPE = YES_ERROR;
				GCC_WARN_UNDECLARED_SELECTOR = YES;
				GCC_WARN_UNINITIALIZED_AUTOS = YES_AGGRESSIVE;
				GCC_WARN_UNUSED_FUNCTION = YES;
				GCC_WARN_UNUSED_VARIABLE = YES;
				IPHONEOS_DEPLOYMENT_TARGET = 15.5;
				MTL_ENABLE_DEBUG_INFO = NO;
				MTL_FAST_MATH = YES;
				SDKROOT = iphoneos;
				SWIFT_COMPILATION_MODE = wholemodule;
				SWIFT_OPTIMIZATION_LEVEL = "-O";
				VALIDATE_PRODUCT = YES;
			};
			name = Release;
		};
		CCAC272628794A1F00DFA283 /* Debug */ = {
			isa = XCBuildConfiguration;
			buildSettings = {
				ASSETCATALOG_COMPILER_APPICON_NAME = AppIcon;
				ASSETCATALOG_COMPILER_GLOBAL_ACCENT_COLOR_NAME = AccentColor;
				CODE_SIGN_IDENTITY = "Apple Development";
				CODE_SIGN_STYLE = Automatic;
				CURRENT_PROJECT_VERSION = 1;
				DEVELOPMENT_ASSET_PATHS = "\"swiftuiAdvanced/Preview Content\"";
				DEVELOPMENT_TEAM = "";
				ENABLE_PREVIEWS = YES;
				GENERATE_INFOPLIST_FILE = YES;
				INFOPLIST_KEY_UIApplicationSceneManifest_Generation = YES;
				INFOPLIST_KEY_UIApplicationSupportsIndirectInputEvents = YES;
				INFOPLIST_KEY_UILaunchScreen_Generation = YES;
				INFOPLIST_KEY_UISupportedInterfaceOrientations = UIInterfaceOrientationPortrait;
				INFOPLIST_KEY_UISupportedInterfaceOrientations_iPad = "UIInterfaceOrientationPortrait UIInterfaceOrientationPortraitUpsideDown UIInterfaceOrientationLandscapeLeft UIInterfaceOrientationLandscapeRight";
				INFOPLIST_KEY_UISupportedInterfaceOrientations_iPhone = "UIInterfaceOrientationPortrait UIInterfaceOrientationLandscapeLeft UIInterfaceOrientationLandscapeRight";
				IPHONEOS_DEPLOYMENT_TARGET = 15.0;
				LD_RUNPATH_SEARCH_PATHS = (
					"$(inherited)",
					"@executable_path/Frameworks",
				);
				MARKETING_VERSION = 1.0;
				PRODUCT_BUNDLE_IDENTIFIER = zorocamiu.swiftuiAdvanced;
				PRODUCT_NAME = "$(TARGET_NAME)";
				PROVISIONING_PROFILE_SPECIFIER = "";
				SWIFT_EMIT_LOC_STRINGS = YES;
				SWIFT_VERSION = 5.0;
				TARGETED_DEVICE_FAMILY = "1,2";
			};
			name = Debug;
		};
		CCAC272728794A1F00DFA283 /* Release */ = {
			isa = XCBuildConfiguration;
			buildSettings = {
				ASSETCATALOG_COMPILER_APPICON_NAME = AppIcon;
				ASSETCATALOG_COMPILER_GLOBAL_ACCENT_COLOR_NAME = AccentColor;
				CODE_SIGN_IDENTITY = "Apple Development";
				CODE_SIGN_STYLE = Automatic;
				CURRENT_PROJECT_VERSION = 1;
				DEVELOPMENT_ASSET_PATHS = "\"swiftuiAdvanced/Preview Content\"";
				DEVELOPMENT_TEAM = "";
				ENABLE_PREVIEWS = YES;
				GENERATE_INFOPLIST_FILE = YES;
				INFOPLIST_KEY_UIApplicationSceneManifest_Generation = YES;
				INFOPLIST_KEY_UIApplicationSupportsIndirectInputEvents = YES;
				INFOPLIST_KEY_UILaunchScreen_Generation = YES;
				INFOPLIST_KEY_UISupportedInterfaceOrientations = UIInterfaceOrientationPortrait;
				INFOPLIST_KEY_UISupportedInterfaceOrientations_iPad = "UIInterfaceOrientationPortrait UIInterfaceOrientationPortraitUpsideDown UIInterfaceOrientationLandscapeLeft UIInterfaceOrientationLandscapeRight";
				INFOPLIST_KEY_UISupportedInterfaceOrientations_iPhone = "UIInterfaceOrientationPortrait UIInterfaceOrientationLandscapeLeft UIInterfaceOrientationLandscapeRight";
				IPHONEOS_DEPLOYMENT_TARGET = 15.0;
				LD_RUNPATH_SEARCH_PATHS = (
					"$(inherited)",
					"@executable_path/Frameworks",
				);
				MARKETING_VERSION = 1.0;
				PRODUCT_BUNDLE_IDENTIFIER = zorocamiu.swiftuiAdvanced;
				PRODUCT_NAME = "$(TARGET_NAME)";
				PROVISIONING_PROFILE_SPECIFIER = "";
				SWIFT_EMIT_LOC_STRINGS = YES;
				SWIFT_VERSION = 5.0;
				TARGETED_DEVICE_FAMILY = "1,2";
			};
			name = Release;
		};
/* End XCBuildConfiguration section */

/* Begin XCConfigurationList section */
		CCAC271228794A1B00DFA283 /* Build configuration list for PBXProject "swiftuiAdvanced" */ = {
			isa = XCConfigurationList;
			buildConfigurations = (
				CCAC272328794A1F00DFA283 /* Debug */,
				CCAC272428794A1F00DFA283 /* Release */,
			);
			defaultConfigurationIsVisible = 0;
			defaultConfigurationName = Release;
		};
		CCAC272528794A1F00DFA283 /* Build configuration list for PBXNativeTarget "swiftuiAdvanced" */ = {
			isa = XCConfigurationList;
			buildConfigurations = (
				CCAC272628794A1F00DFA283 /* Debug */,
				CCAC272728794A1F00DFA283 /* Release */,
			);
			defaultConfigurationIsVisible = 0;
			defaultConfigurationName = Release;
		};
/* End XCConfigurationList section */

/* Begin XCVersionGroup section */
		CC63624628A4B6110048425F /* CoreDataRelationshipsContainer.xcdatamodeld */ = {
			isa = XCVersionGroup;
			children = (
				CC63624728A4B6110048425F /* CoreDataRelationshipsContainer.xcdatamodel */,
			);
			currentVersion = CC63624728A4B6110048425F /* CoreDataRelationshipsContainer.xcdatamodel */;
			path = CoreDataRelationshipsContainer.xcdatamodeld;
			sourceTree = "<group>";
			versionGroupType = wrapper.xcdatamodel;
		};
		CC97D8D828A3F1C000D91756 /* FruitsContainer.xcdatamodeld */ = {
			isa = XCVersionGroup;
			children = (
				CC97D8D928A3F1C000D91756 /* FruitsContainer.xcdatamodel */,
			);
			currentVersion = CC97D8D928A3F1C000D91756 /* FruitsContainer.xcdatamodel */;
			path = FruitsContainer.xcdatamodeld;
			sourceTree = "<group>";
			versionGroupType = wrapper.xcdatamodel;
		};
/* End XCVersionGroup section */
	};
	rootObject = CCAC270F28794A1B00DFA283 /* Project object */;
}
